
Microsoft Visual Studio Solution File, Format Version 12.00
# Visual Studio 15
Project("{FAE04EC0-301F-11D3-BF4B-00C04F79EFBC}") = "IoCExamples", "IoCExamples\IoCExamples.csproj", "{69A7E86E-889A-4E7B-8F35-339C5847E09A}"
EndProject
Global
	GlobalSection(SolutionConfigurationPlatforms) = preSolution
		Debug|Any CPU = Debug|Any CPU
		Release|Any CPU = Release|Any CPU
	EndGlobalSection
	GlobalSection(ProjectConfigurationPlatforms) = postSolution
		{69A7E86E-889A-4E7B-8F35-339C5847E09A}.Debug|Any CPU.ActiveCfg = Debug|Any CPU
		{69A7E86E-889A-4E7B-8F35-339C5847E09A}.Debug|Any CPU.Build.0 = Debug|Any CPU
		{69A7E86E-889A-4E7B-8F35-339C5847E09A}.Release|Any CPU.ActiveCfg = Release|Any CPU
		{69A7E86E-889A-4E7B-8F35-339C5847E09A}.Release|Any CPU.Build.0 = Release|Any CPU
	EndGlobalSection
EndGlobal
